# THIS IS AN AUTOGENERATED FILE. DO NOT EDIT THIS FILE DIRECTLY.
# yarn lockfile v1
asap@~2.0.3:
  version "2.0.5"
  resolved "https://registry.yarnpkg.com/asap/-/asap-2.0.5.tgz#522765b50c3510490e52d7dcfe085ef9ba96958f"

boolbase@~1.0.0:
  version "1.0.0"
  resolved "https://registry.yarnpkg.com/boolbase/-/boolbase-1.0.0.tgz#68dff5fbe60c51eb37725ea9e3ed310dcc1e776e"

cheerio-select@*:
  version "0.0.3"
  resolved "https://registry.yarnpkg.com/cheerio-select/-/cheerio-select-0.0.3.tgz#3f2420114f3ccb0b1b075c245ccfaae5d617a388"
  dependencies:
    CSSselect "0.x"

cheerio@~0.12.1:
  version "0.12.4"
  resolved "https://registry.yarnpkg.com/cheerio/-/cheerio-0.12.4.tgz#c199626e9e1eb0d4233a91a4793e7f8aaa69a18b"
  dependencies:
    cheerio-select "*"
    entities "0.x"
    htmlparser2 "3.1.4"
    underscore "~1.4"

component-props@*:
  version "1.1.1"
  resolved "https://registry.yarnpkg.com/component-props/-/component-props-1.1.1.tgz#f9b7df9b9927b6e6d97c9bd272aa867670f34944"

core-util-is@~1.0.0:
  version "1.0.2"
  resolved "https://registry.yarnpkg.com/core-util-is/-/core-util-is-1.0.2.tgz#b5fd54220aa2bc5ab57aab7140c940754503c1a7"

CSSselect@0.x:
  version "0.7.0"
  resolved "https://registry.yarnpkg.com/CSSselect/-/CSSselect-0.7.0.tgz#e4054c67b467465f3c9500c0da0aa7878c4babd2"
  dependencies:
    boolbase "~1.0.0"
    CSSwhat "0.4"
    domutils "1.4"
    nth-check "~1.0.0"

CSSwhat@0.4:
  version "0.4.7"
  resolved "https://registry.yarnpkg.com/CSSwhat/-/CSSwhat-0.4.7.tgz#867da0ff39f778613242c44cfea83f0aa4ebdf9b"

debug@^1.0.2:
  version "1.0.4"
  resolved "https://registry.yarnpkg.com/debug/-/debug-1.0.4.tgz#5b9c256bd54b6ec02283176fa8a0ede6d154cbf8"
  dependencies:
    ms "0.6.2"

deep-equal@0.2.1:
  version "0.2.1"
  resolved "https://registry.yarnpkg.com/deep-equal/-/deep-equal-0.2.1.tgz#fad7a793224cbf0c3c7786f92ef780e4fc8cc878"

domelementtype@1:
  version "1.3.0"
  resolved "https://registry.yarnpkg.com/domelementtype/-/domelementtype-1.3.0.tgz#b17aed82e8ab59e52dd9c19b1756e0fc187204c2"

domhandler@2.0:
  version "2.0.3"
  resolved "https://registry.yarnpkg.com/domhandler/-/domhandler-2.0.3.tgz#889f8df626403af0788e29d66d5d5c6f7ebf0fd6"
  dependencies:
    domelementtype "1"

domutils@1.1:
  version "1.1.6"
  resolved "https://registry.yarnpkg.com/domutils/-/domutils-1.1.6.tgz#bddc3de099b9a2efacc51c623f28f416ecc57485"
  dependencies:
    domelementtype "1"

domutils@1.4:
  version "1.4.3"
  resolved "https://registry.yarnpkg.com/domutils/-/domutils-1.4.3.tgz#0865513796c6b306031850e175516baf80b72a6f"
  dependencies:
    domelementtype "1"

entities@0.x:
  version "0.5.0"
  resolved "https://registry.yarnpkg.com/entities/-/entities-0.5.0.tgz#f611cb5ae221050e0012c66979503fd7ae19cc49"

filereader-stream@^0.2.0:
  version "0.2.0"
  resolved "https://registry.yarnpkg.com/filereader-stream/-/filereader-stream-0.2.0.tgz#16374a202715b640b666ecffd07089938e9ff11f"
  dependencies:
    inherits "1.0.0"

htmlparser2@3.1.4:
  version "3.1.4"
  resolved "https://registry.yarnpkg.com/htmlparser2/-/htmlparser2-3.1.4.tgz#72cbe7d5d56c01acf61fcf7b933331f4e45b36f0"
  dependencies:
    domelementtype "1"
    domhandler "2.0"
    domutils "1.1"
    readable-stream "1.0"

iconv-lite@0.2.11:
  version "0.2.11"
  resolved "https://registry.yarnpkg.com/iconv-lite/-/iconv-lite-0.2.11.tgz#1ce60a3a57864a292d1321ff4609ca4bb965adc8"

inherits@~2.0.1:
  version "2.0.3"
  resolved "https://registry.yarnpkg.com/inherits/-/inherits-2.0.3.tgz#633c2c83e3da42a502f52466022480f4208261de"

inherits@1.0.0:
  version "1.0.0"
  resolved "https://registry.yarnpkg.com/inherits/-/inherits-1.0.0.tgz#38e1975285bf1f7ba9c84da102bb12771322ac48"

is-stream@^1.1.0:
  version "1.1.0"
  resolved "https://registry.yarnpkg.com/is-stream/-/is-stream-1.1.0.tgz#12d4a3dd4e68e0b79ceb8dbc84173ae80d91ca44"

isarray@0.0.1:
  version "0.0.1"
  resolved "https://registry.yarnpkg.com/isarray/-/isarray-0.0.1.tgz#8a18acfca9a8f4177e09abfc6038939b05d1eedf"

knox:
  version "0.9.2"
  resolved "https://registry.yarnpkg.com/knox/-/knox-0.9.2.tgz#3736593669e24f024fdaf723b6a1dc4afd839a71"
  dependencies:
    debug "^1.0.2"
    mime "*"
    once "^1.3.0"
    stream-counter "^1.0.0"
    xml2js "^0.4.4"

lodash:
  version "4.17.0"
  resolved "https://registry.yarnpkg.com/lodash/-/lodash-4.17.0.tgz#93f4466e5ab73e5a1f1216c34eea11535f0a8df5"

lodash@^4.0.0:
  version "4.17.2"
  resolved "https://registry.yarnpkg.com/lodash/-/lodash-4.17.2.tgz#34a3055babe04ce42467b607d700072c7ff6bf42"

mime@*:
  version "1.3.4"
  resolved "https://registry.yarnpkg.com/mime/-/mime-1.3.4.tgz#115f9e3b6b3daf2959983cb38f149a2d40eb5d53"

ms@0.6.2:
  version "0.6.2"
  resolved "https://registry.yarnpkg.com/ms/-/ms-0.6.2.tgz#d89c2124c6fdc1353d65a8b77bf1aac4b193708c"

musicmetadata:
  version "2.0.4"
  resolved "https://registry.yarnpkg.com/musicmetadata/-/musicmetadata-2.0.4.tgz#3821f0e404d70b1fc6c1555dc9144653efa3cc67"
  dependencies:
    deep-equal "0.2.1"
    filereader-stream "^0.2.0"
    is-stream "^1.1.0"
    strtok2 "~1.0.0"
    sum-component "^0.1.1"
    through "~2.3.4"

nth-check@~1.0.0:
  version "1.0.1"
  resolved "https://registry.yarnpkg.com/nth-check/-/nth-check-1.0.1.tgz#9929acdf628fc2c41098deab82ac580cf149aae4"
  dependencies:
    boolbase "~1.0.0"

once@^1.3.0:
  version "1.4.0"
  resolved "https://registry.yarnpkg.com/once/-/once-1.4.0.tgz#583b1aa775961d4b113ac17d9c50baef9dd76bd1"
  dependencies:
    wrappy "1"

promise:
  version "7.1.1"
  resolved "https://registry.yarnpkg.com/promise/-/promise-7.1.1.tgz#489654c692616b8aa55b0724fa809bb7db49c5bf"
  dependencies:
    asap "~2.0.3"

qs@0.6.6:
  version "0.6.6"
  resolved "https://registry.yarnpkg.com/qs/-/qs-0.6.6.tgz#6e015098ff51968b8a3c819001d5f2c89bc4b107"

readable-stream@1.0:
  version "1.0.34"
  resolved "https://registry.yarnpkg.com/readable-stream/-/readable-stream-1.0.34.tgz#125820e34bc842d2f2aaafafe4c2916ee32c157c"
  dependencies:
    core-util-is "~1.0.0"
    inherits "~2.0.1"
    isarray "0.0.1"
    string_decoder "~0.10.x"

restler@~3.2.2:
  version "3.2.2"
  resolved "https://registry.yarnpkg.com/restler/-/restler-3.2.2.tgz#f6c532b937746093e3486387e57fb1051bdb2857"
  dependencies:
    iconv-lite "0.2.11"
    qs "0.6.6"
    xml2js "0.4.0"
    yaml "0.2.3"

sax@>=0.6.0:
  version "1.2.1"
  resolved "https://registry.yarnpkg.com/sax/-/sax-1.2.1.tgz#7b8e656190b228e81a66aea748480d828cd2d37a"

sax@0.5.x:
  version "0.5.8"
  resolved "https://registry.yarnpkg.com/sax/-/sax-0.5.8.tgz#d472db228eb331c2506b0e8c15524adb939d12c1"

spotify-playlist:
  version "0.0.4"
  resolved "https://registry.yarnpkg.com/spotify-playlist/-/spotify-playlist-0.0.4.tgz#b1523d792b73fc6121c613b22ea8b33ec2582644"
  dependencies:
    cheerio "~0.12.1"
    restler "~3.2.2"
    spotify-uri "~0.1.0"

spotify-uri@~0.1.0:
  version "0.1.1"
  resolved "https://registry.yarnpkg.com/spotify-uri/-/spotify-uri-0.1.1.tgz#cc312cc1ea6b573fc425442dd9695395547c033b"

stream-counter@^1.0.0:
  version "1.0.0"
  resolved "https://registry.yarnpkg.com/stream-counter/-/stream-counter-1.0.0.tgz#91cf2569ce4dc5061febcd7acb26394a5a114751"

string_decoder@~0.10.x:
  version "0.10.31"
  resolved "https://registry.yarnpkg.com/string_decoder/-/string_decoder-0.10.31.tgz#62e203bc41766c6c28c9fc84301dab1c5310fa94"

strtok2@~1.0.0:
  version "1.0.1"
  resolved "https://registry.yarnpkg.com/strtok2/-/strtok2-1.0.1.tgz#cec2ca202154c6e46ee04e1dbf55dd5b71152cfb"

sum-component@^0.1.1:
  version "0.1.1"
  resolved "https://registry.yarnpkg.com/sum-component/-/sum-component-0.1.1.tgz#c80b0587bbd00f7cd85f4ba048eb69fccdace5b8"
  dependencies:
    to-function "*"

through@~2.3.4:
  version "2.3.8"
  resolved "https://registry.yarnpkg.com/through/-/through-2.3.8.tgz#0dd4c9ffaabc357960b1b724115d7e0e86a2e1f5"

to-function@*:
  version "2.0.6"
  resolved "https://registry.yarnpkg.com/to-function/-/to-function-2.0.6.tgz#7d56cd9c3b92fa8dbd7b22e83d51924de740ebc5"
  dependencies:
    component-props "*"

underscore@~1.4:
  version "1.4.4"
  resolved "https://registry.yarnpkg.com/underscore/-/underscore-1.4.4.tgz#61a6a32010622afa07963bf325203cf12239d604"

wrappy@1:
  version "1.0.2"
  resolved "https://registry.yarnpkg.com/wrappy/-/wrappy-1.0.2.tgz#b5243d8f3ec1aa35f1364605bc0d1036e30ab69f"

xml2js@^0.4.4:
  version "0.4.17"
  resolved "https://registry.yarnpkg.com/xml2js/-/xml2js-0.4.17.tgz#17be93eaae3f3b779359c795b419705a8817e868"
  dependencies:
    sax ">=0.6.0"
    xmlbuilder "^4.1.0"

xml2js@0.4.0:
  version "0.4.0"
  resolved "https://registry.yarnpkg.com/xml2js/-/xml2js-0.4.0.tgz#124fc4114b4129c810800ecb2ac86cf25462cb9a"
  dependencies:
    sax "0.5.x"
    xmlbuilder ">=0.4.2"

xmlbuilder@^4.1.0:
  version "4.2.1"
  resolved "https://registry.yarnpkg.com/xmlbuilder/-/xmlbuilder-4.2.1.tgz#aa58a3041a066f90eaa16c2f5389ff19f3f461a5"
  dependencies:
    lodash "^4.0.0"

xmlbuilder@>=0.4.2:
  version "8.2.2"
  resolved "https://registry.yarnpkg.com/xmlbuilder/-/xmlbuilder-8.2.2.tgz#69248673410b4ba42e1a6136551d2922335aa773"

yaml@0.2.3:
  version "0.2.3"
  resolved "https://registry.yarnpkg.com/yaml/-/yaml-0.2.3.tgz#b5450e92e76ef36b5dd24e3660091ebaeef3e5c7"

